{
  "name": "npm",
  "version": "99.88.77",
  "lockfileVersion": 3,
  "requires": true,
  "packages": {
    "": {
      "name": "npm",
      "version": "99.88.77",
      "workspaces": [
        "a",
        "packages/*"
      ]
    },
    "a": {
      "version": "99.88.77"
    },
    "node_modules/a": {
      "resolved": "a",
      "link": true
    },
    "node_modules/b": {
      "resolved": "packages/b",
      "link": true
    },
    "node_modules/c": {
      "resolved": "packages/c",
      "link": true
    },
    "packages/b": {
      "version": "99.88.77"
    },
    "packages/c": {
      "version": "99.88.77"
    }
  }
}
